Microsoft Visual Studio Solution File, Format Version 12.00
# Visual Studio Version 17
VisualStudioVersion = 17.13.35825.156
MinimumVisualStudioVersion = 10.0.40219.1
Project("{FAE04EC0-301F-11D3-BF4B-00C04F79EFBC}") = "Home Service Finder", "Home Service Finder\Home Service Finder.csproj", "{BF7A4F64-B02D-4087-98E9-0A2775218317}"
EndProject
Global
	GlobalSection(SolutionConfigurationPlatforms) = preSolution
		Debug|Any CPU = Debug|Any CPU
		Release|Any CPU = Release|Any CPU
	EndGlobalSection
	GlobalSection(ProjectConfigurationPlatforms) = postSolution
		{BF7A4F64-B02D-4087-98E9-0A2775218317}.Debug|Any CPU.ActiveCfg = Debug|Any CPU
		{BF7A4F64-B02D-4087-98E9-0A2775218317}.Debug|Any CPU.Build.0 = Debug|Any CPU
		{BF7A4F64-B02D-4087-98E9-0A2775218317}.Release|Any CPU.ActiveCfg = Release|Any CPU
		{BF7A4F64-B02D-4087-98E9-0A2775218317}.Release|Any CPU.Build.0 = Release|Any CPU
	EndGlobalSection
	GlobalSection(SolutionProperties) = preSolution
		HideSolutionNode = FALSE
	EndGlobalSection
	GlobalSection(ExtensibilityGlobals) = postSolution
		SolutionGuid = {7707B3A0-B215-4D72-8465-E7CC127C2FD1}
	EndGlobalSection
EndGlobal
